// !$*UTF8*$!
{
	archiveVersion = 1;
	classes = {
	};
	objectVersion = 46;
	objects = {

/* Begin PBXBuildFile section */
		802400E21A232AC70090426F /* AppDelegate.swift in Sources */ = {isa = PBXBuildFile; fileRef = 802400E11A232AC70090426F /* AppDelegate.swift */; };
		802400E41A232AC70090426F /* ViewController.swift in Sources */ = {isa = PBXBuildFile; fileRef = 802400E31A232AC70090426F /* ViewController.swift */; };
		802400E71A232AC70090426F /* Main.storyboard in Resources */ = {isa = PBXBuildFile; fileRef = 802400E51A232AC70090426F /* Main.storyboard */; };
		802400E91A232AC70090426F /* Images.xcassets in Resources */ = {isa = PBXBuildFile; fileRef = 802400E81A232AC70090426F /* Images.xcassets */; };
		802400EC1A232AC70090426F /* LaunchScreen.xib in Resources */ = {isa = PBXBuildFile; fileRef = 802400EA1A232AC70090426F /* LaunchScreen.xib */; };
		802400F81A232AC70090426F /* PostcardTests.swift in Sources */ = {isa = PBXBuildFile; fileRef = 802400F71A232AC70090426F /* PostcardTests.swift */; };
		805D09081A23323600F4DE61 /* AlbertEinsteinStamp.jpg in Resources */ = {isa = PBXBuildFile; fileRef = 805D09061A23323600F4DE61 /* AlbertEinsteinStamp.jpg */; };
		805D09091A23323600F4DE61 /* SagradaFamilia.jpeg in Resources */ = {isa = PBXBuildFile; fileRef = 805D09071A23323600F4DE61 /* SagradaFamilia.jpeg */; };
/* End PBXBuildFile section */

/* Begin PBXContainerItemProxy section */
		802400F21A232AC70090426F /* PBXContainerItemProxy */ = {
			isa = PBXContainerItemProxy;
			containerPortal = 802400D41A232AC70090426F /* Project object */;
			proxyType = 1;
			remoteGlobalIDString = 802400DB1A232AC70090426F;
			remoteInfo = Postcard;
		};
/* End PBXContainerItemProxy section */

/* Begin PBXFileReference section */
		802400DC1A232AC70090426F /* Postcard.app */ = {isa = PBXFileReference; explicitFileType = wrapper.application; includeInIndex = 0; path = Postcard.app; sourceTree = BUILT_PRODUCTS_DIR; };
		802400E01A232AC70090426F /* Info.plist */ = {isa = PBXFileReference; lastKnownFileType = text.plist.xml; path = Info.plist; sourceTree = "<group>"; };
		802400E11A232AC70090426F /* AppDelegate.swift */ = {isa = PBXFileReference; lastKnownFileType = sourcecode.swift; path = AppDelegate.swift; sourceTree = "<group>"; };
		802400E31A232AC70090426F /* ViewController.swift */ = {isa = PBXFileReference; lastKnownFileType = sourcecode.swift; path = ViewController.swift; sourceTree = "<group>"; };
		802400E61A232AC70090426F /* Base */ = {isa = PBXFileReference; lastKnownFileType = file.storyboard; name = Base; path = Base.lproj/Main.storyboard; sourceTree = "<group>"; };
		802400E81A232AC70090426F /* Images.xcassets */ = {isa = PBXFileReference; lastKnownFileType = folder.assetcatalog; path = Images.xcassets; sourceTree = "<group>"; };
		802400EB1A232AC70090426F /* Base */ = {isa = PBXFileReference; lastKnownFileType = file.xib; name = Base; path = Base.lproj/LaunchScreen.xib; sourceTree = "<group>"; };
		802400F11A232AC70090426F /* PostcardTests.xctest */ = {isa = PBXFileReference; explicitFileType = wrapper.cfbundle; includeInIndex = 0; path = PostcardTests.xctest; sourceTree = BUILT_PRODUCTS_DIR; };
		802400F61A232AC70090426F /* Info.plist */ = {isa = PBXFileReference; lastKnownFileType = text.plist.xml; path = Info.plist; sourceTree = "<group>"; };
		802400F71A232AC70090426F /* PostcardTests.swift */ = {isa = PBXFileReference; lastKnownFileType = sourcecode.swift; path = PostcardTests.swift; sourceTree = "<group>"; };
		805D09061A23323600F4DE61 /* AlbertEinsteinStamp.jpg */ = {isa = PBXFileReference; lastKnownFileType = image.jpeg; path = AlbertEinsteinStamp.jpg; sourceTree = "<group>"; };
		805D09071A23323600F4DE61 /* SagradaFamilia.jpeg */ = {isa = PBXFileReference; lastKnownFileType = image.jpeg; path = SagradaFamilia.jpeg; sourceTree = "<group>"; };
/* End PBXFileReference section */

/* Begin PBXFrameworksBuildPhase section */
		802400D91A232AC70090426F /* Frameworks */ = {
			isa = PBXFrameworksBuildPhase;
			buildActionMask = 2147483647;
			files = (
			);
			runOnlyForDeploymentPostprocessing = 0;
		};
		802400EE1A232AC70090426F /* Frameworks */ = {
			isa = PBXFrameworksBuildPhase;
			buildActionMask = 2147483647;
			files = (
			);
			runOnlyForDeploymentPostprocessing = 0;
		};
/* End PBXFrameworksBuildPhase section */

/* Begin PBXGroup section */
		802400D31A232AC70090426F = {
			isa = PBXGroup;
			children = (
				802400DE1A232AC70090426F /* Postcard */,
				802400F41A232AC70090426F /* PostcardTests */,
				802400DD1A232AC70090426F /* Products */,
			);
			sourceTree = "<group>";
		};
		802400DD1A232AC70090426F /* Products */ = {
			isa = PBXGroup;
			children = (
				802400DC1A232AC70090426F /* Postcard.app */,
				802400F11A232AC70090426F /* PostcardTests.xctest */,
			);
			name = Products;
			sourceTree = "<group>";
		};
		802400DE1A232AC70090426F /* Postcard */ = {
			isa = PBXGroup;
			children = (
				802400E11A232AC70090426F /* AppDelegate.swift */,
				802400E31A232AC70090426F /* ViewController.swift */,
				802400E51A232AC70090426F /* Main.storyboard */,
				802400E81A232AC70090426F /* Images.xcassets */,
				802400EA1A232AC70090426F /* LaunchScreen.xib */,
				802400DF1A232AC70090426F /* Supporting Files */,
			);
			path = Postcard;
			sourceTree = "<group>";
		};
		802400DF1A232AC70090426F /* Supporting Files */ = {
			isa = PBXGroup;
			children = (
				805D09061A23323600F4DE61 /* AlbertEinsteinStamp.jpg */,
				805D09071A23323600F4DE61 /* SagradaFamilia.jpeg */,
				802400E01A232AC70090426F /* Info.plist */,
			);
			name = "Supporting Files";
			sourceTree = "<group>";
		};
		802400F41A232AC70090426F /* PostcardTests */ = {
			isa = PBXGroup;
			children = (
				802400F71A232AC70090426F /* PostcardTests.swift */,
				802400F51A232AC70090426F /* Supporting Files */,
			);
			path = PostcardTests;
			sourceTree = "<group>";
		};
		802400F51A232AC70090426F /* Supporting Files */ = {
			isa = PBXGroup;
			children = (
				802400F61A232AC70090426F /* Info.plist */,
			);
			name = "Supporting Files";
			sourceTree = "<group>";
		};
/* End PBXGroup section */

/* Begin PBXNativeTarget section */
		802400DB1A232AC70090426F /* Postcard */ = {
			isa = PBXNativeTarget;
			buildConfigurationList = 802400FB1A232AC70090426F /* Build configuration list for PBXNativeTarget "Postcard" */;
			buildPhases = (
				802400D81A232AC70090426F /* Sources */,
				802400D91A232AC70090426F /* Frameworks */,
				802400DA1A232AC70090426F /* Resources */,
			);
			buildRules = (
			);
			dependencies = (
			);
			name = Postcard;
			productName = Postcard;
			productReference = 802400DC1A232AC70090426F /* Postcard.app */;
			productType = "com.apple.product-type.application";
		};
		802400F01A232AC70090426F /* PostcardTests */ = {
			isa = PBXNativeTarget;
			buildConfigurationList = 802400FE1A232AC70090426F /* Build configuration list for PBXNativeTarget "PostcardTests" */;
			buildPhases = (
				802400ED1A232AC70090426F /* Sources */,
				802400EE1A232AC70090426F /* Frameworks */,
				802400EF1A232AC70090426F /* Resources */,
			);
			buildRules = (
			);
			dependencies = (
				802400F31A232AC70090426F /* PBXTargetDependency */,
			);
			name = PostcardTests;
			productName = PostcardTests;
			productReference = 802400F11A232AC70090426F /* PostcardTests.xctest */;
			productType = "com.apple.product-type.bundle.unit-test";
		};
/* End PBXNativeTarget section */

/* Begin PBXProject section */
		802400D41A232AC70090426F /* Project object */ = {
			isa = PBXProject;
			attributes = {
				LastUpgradeCheck = 0610;
				ORGANIZATIONNAME = "ADRIANO REZENA";
				TargetAttributes = {
					802400DB1A232AC70090426F = {
						CreatedOnToolsVersion = 6.1;
					};
					802400F01A232AC70090426F = {
						CreatedOnToolsVersion = 6.1;
						TestTargetID = 802400DB1A232AC70090426F;
					};
				};
			};
			buildConfigurationList = 802400D71A232AC70090426F /* Build configuration list for PBXProject "Postcard" */;
			compatibilityVersion = "Xcode 3.2";
			developmentRegion = English;
			hasScannedForEncodings = 0;
			knownRegions = (
				en,
				Base,
			);
			mainGroup = 802400D31A232AC70090426F;
			productRefGroup = 802400DD1A232AC70090426F /* Products */;
			projectDirPath = "";
			projectRoot = "";
			targets = (
				802400DB1A232AC70090426F /* Postcard */,
				802400F01A232AC70090426F /* PostcardTests */,
			);
		};
/* End PBXProject section */

/* Begin PBXResourcesBuildPhase section */
		802400DA1A232AC70090426F /* Resources */ = {
			isa = PBXResourcesBuildPhase;
			buildActionMask = 2147483647;
			files = (
				805D09081A23323600F4DE61 /* AlbertEinsteinStamp.jpg in Resources */,
				802400E71A232AC70090426F /* Main.storyboard in Resources */,
				802400EC1A232AC70090426F /* LaunchScreen.xib in Resources */,
				802400E91A232AC70090426F /* Images.xcassets in Resources */,
				805D09091A23323600F4DE61 /* SagradaFamilia.jpeg in Resources */,
			);
			runOnlyForDeploymentPostprocessing = 0;
		};
		802400EF1A232AC70090426F /* Resources */ = {
			isa = PBXResourcesBuildPhase;
			buildActionMask = 2147483647;
			files = (
			);
			runOnlyForDeploymentPostprocessing = 0;
		};
/* End PBXResourcesBuildPhase section */

/* Begin PBXSourcesBuildPhase section */
		802400D81A232AC70090426F /* Sources */ = {
			isa = PBXSourcesBuildPhase;
			buildActionMask = 2147483647;
			files = (
				802400E41A232AC70090426F /* ViewController.swift in Sources */,
				802400E21A232AC70090426F /* AppDelegate.swift in Sources */,
			);
			runOnlyForDeploymentPostprocessing = 0;
		};
		802400ED1A232AC70090426F /* Sources */ = {
			isa = PBXSourcesBuildPhase;
			buildActionMask = 2147483647;
			files = (
				802400F81A232AC70090426F /* PostcardTests.swift in Sources */,
			);
			runOnlyForDeploymentPostprocessing = 0;
		};
/* End PBXSourcesBuildPhase section */

/* Begin PBXTargetDependency section */
		802400F31A232AC70090426F /* PBXTargetDependency */ = {
			isa = PBXTargetDependency;
			target = 802400DB1A232AC70090426F /* Postcard */;
			targetProxy = 802400F21A232AC70090426F /* PBXContainerItemProxy */;
		};
/* End PBXTargetDependency section */

/* Begin PBXVariantGroup section */
		802400E51A232AC70090426F /* Main.storyboard */ = {
			isa = PBXVariantGroup;
			children = (
				802400E61A232AC70090426F /* Base */,
			);
			name = Main.storyboard;
			sourceTree = "<group>";
		};
		802400EA1A232AC70090426F /* LaunchScreen.xib */ = {
			isa = PBXVariantGroup;
			children = (
				802400EB1A232AC70090426F /* Base */,
			);
			name = LaunchScreen.xib;
			sourceTree = "<group>";
		};
/* End PBXVariantGroup section */

/* Begin XCBuildConfiguration section */
		802400F91A232AC70090426F /* Debug */ = {
			isa = XCBuildConfiguration;
			buildSettings = {
				ALWAYS_SEARCH_USER_PATHS = NO;
				CLANG_CXX_LANGUAGE_STANDARD = "gnu++0x";
				CLANG_CXX_LIBRARY = "libc++";
				CLANG_ENABLE_MODULES = YES;
				CLANG_ENABLE_OBJC_ARC = YES;
				CLANG_WARN_BOOL_CONVERSION = YES;
				CLANG_WARN_CONSTANT_CONVERSION = YES;
				CLANG_WARN_DIRECT_OBJC_ISA_USAGE = YES_ERROR;
				CLANG_WARN_EMPTY_BODY = YES;
				CLANG_WARN_ENUM_CONVERSION = YES;
				CLANG_WARN_INT_CONVERSION = YES;
				CLANG_WARN_OBJC_ROOT_CLASS = YES_ERROR;
				CLANG_WARN_UNREACHABLE_CODE = YES;
				CLANG_WARN__DUPLICATE_METHOD_MATCH = YES;
				"CODE_SIGN_IDENTITY[sdk=iphoneos*]" = "iPhone Developer";
				COPY_PHASE_STRIP = NO;
				ENABLE_STRICT_OBJC_MSGSEND = YES;
				GCC_C_LANGUAGE_STANDARD = gnu99;
				GCC_DYNAMIC_NO_PIC = NO;
				GCC_OPTIMIZATION_LEVEL = 0;
				GCC_PREPROCESSOR_DEFINITIONS = (
					"DEBUG=1",
					"$(inherited)",
				);
				GCC_SYMBOLS_PRIVATE_EXTERN = NO;
				GCC_WARN_64_TO_32_BIT_CONVERSION = YES;
				GCC_WARN_ABOUT_RETURN_TYPE = YES_ERROR;
				GCC_WARN_UNDECLARED_SELECTOR = YES;
				GCC_WARN_UNINITIALIZED_AUTOS = YES_AGGRESSIVE;
				GCC_WARN_UNUSED_FUNCTION = YES;
				GCC_WARN_UNUSED_VARIABLE = YES;
				IPHONEOS_DEPLOYMENT_TARGET = 8.1;
				MTL_ENABLE_DEBUG_INFO = YES;
				ONLY_ACTIVE_ARCH = YES;
				SDKROOT = iphoneos;
				SWIFT_OPTIMIZATION_LEVEL = "-Onone";
				TARGETED_DEVICE_FAMILY = "1,2";
			};
			name = Debug;
		};
		802400FA1A232AC70090426F /* Release */ = {
			isa = XCBuildConfiguration;
			buildSettings = {
				ALWAYS_SEARCH_USER_PATHS = NO;
				CLANG_CXX_LANGUAGE_STANDARD = "gnu++0x";
				CLANG_CXX_LIBRARY = "libc++";
				CLANG_ENABLE_MODULES = YES;
				CLANG_ENABLE_OBJC_ARC = YES;
				CLANG_WARN_BOOL_CONVERSION = YES;
				CLANG_WARN_CONSTANT_CONVERSION = YES;
				CLANG_WARN_DIRECT_OBJC_ISA_USAGE = YES_ERROR;
				CLANG_WARN_EMPTY_BODY = YES;
				CLANG_WARN_ENUM_CONVERSION = YES;
				CLANG_WARN_INT_CONVERSION = YES;
				CLANG_WARN_OBJC_ROOT_CLASS = YES_ERROR;
				CLANG_WARN_UNREACHABLE_CODE = YES;
				CLANG_WARN__DUPLICATE_METHOD_MATCH = YES;
				"CODE_SIGN_IDENTITY[sdk=iphoneos*]" = "iPhone Developer";
				COPY_PHASE_STRIP = YES;
				ENABLE_NS_ASSERTIONS = NO;
				ENABLE_STRICT_OBJC_MSGSEND = YES;
				GCC_C_LANGUAGE_STANDARD = gnu99;
				GCC_WARN_64_TO_32_BIT_CONVERSION = YES;
				GCC_WARN_ABOUT_RETURN_TYPE = YES_ERROR;
				GCC_WARN_UNDECLARED_SELECTOR = YES;
				GCC_WARN_UNINITIALIZED_AUTOS = YES_AGGRESSIVE;
				GCC_WARN_UNUSED_FUNCTION = YES;
				GCC_WARN_UNUSED_VARIABLE = YES;
				IPHONEOS_DEPLOYMENT_TARGET = 8.1;
				MTL_ENABLE_DEBUG_INFO = NO;
				SDKROOT = iphoneos;
				TARGETED_DEVICE_FAMILY = "1,2";
				VALIDATE_PRODUCT = YES;
			};
			name = Release;
		};
		802400FC1A232AC70090426F /* Debug */ = {
			isa = XCBuildConfiguration;
			buildSettings = {
				ASSETCATALOG_COMPILER_APPICON_NAME = AppIcon;
				INFOPLIST_FILE = Postcard/Info.plist;
				LD_RUNPATH_SEARCH_PATHS = "$(inherited) @executable_path/Frameworks";
				PRODUCT_NAME = "$(TARGET_NAME)";
			};
			name = Debug;
		};
		802400FD1A232AC70090426F /* Release */ = {
			isa = XCBuildConfiguration;
			buildSettings = {
				ASSETCATALOG_COMPILER_APPICON_NAME = AppIcon;
				INFOPLIST_FILE = Postcard/Info.plist;
				LD_RUNPATH_SEARCH_PATHS = "$(inherited) @executable_path/Frameworks";
				PRODUCT_NAME = "$(TARGET_NAME)";
			};
			name = Release;
		};
		802400FF1A232AC70090426F /* Debug */ = {
			isa = XCBuildConfiguration;
			buildSettings = {
				BUNDLE_LOADER = "$(TEST_HOST)";
				FRAMEWORK_SEARCH_PATHS = (
					"$(SDKROOT)/Developer/Library/Frameworks",
					"$(inherited)",
				);
				GCC_PREPROCESSOR_DEFINITIONS = (
					"DEBUG=1",
					"$(inherited)",
				);
				INFOPLIST_FILE = PostcardTests/Info.plist;
				LD_RUNPATH_SEARCH_PATHS = "$(inherited) @executable_path/Frameworks @loader_path/Frameworks";
				PRODUCT_NAME = "$(TARGET_NAME)";
				TEST_HOST = "$(BUILT_PRODUCTS_DIR)/Postcard.app/Postcard";
			};
			name = Debug;
		};
		802401001A232AC70090426F /* Release */ = {
			isa = XCBuildConfiguration;
			buildSettings = {
				BUNDLE_LOADER = "$(TEST_HOST)";
				FRAMEWORK_SEARCH_PATHS = (
					"$(SDKROOT)/Developer/Library/Frameworks",
					"$(inherited)",
				);
				INFOPLIST_FILE = PostcardTests/Info.plist;
				LD_RUNPATH_SEARCH_PATHS = "$(inherited) @executable_path/Frameworks @loader_path/Frameworks";
				PRODUCT_NAME = "$(TARGET_NAME)";
				TEST_HOST = "$(BUILT_PRODUCTS_DIR)/Postcard.app/Postcard";
			};
			name = Release;
		};
/* End XCBuildConfiguration section */

/* Begin XCConfigurationList section */
		802400D71A232AC70090426F /* Build configuration list for PBXProject "Postcard" */ = {
			isa = XCConfigurationList;
			buildConfigurations = (
				802400F91A232AC70090426F /* Debug */,
				802400FA1A232AC70090426F /* Release */,
			);
			defaultConfigurationIsVisible = 0;
			defaultConfigurationName = Release;
		};
		802400FB1A232AC70090426F /* Build configuration list for PBXNativeTarget "Postcard" */ = {
			isa = XCConfigurationList;
			buildConfigurations = (
				802400FC1A232AC70090426F /* Debug */,
				802400FD1A232AC70090426F /* Release */,
			);
			defaultConfigurationIsVisible = 0;
			defaultConfigurationName = Release;
		};
		802400FE1A232AC70090426F /* Build configuration list for PBXNativeTarget "PostcardTests" */ = {
			isa = XCConfigurationList;
			buildConfigurations = (
				802400FF1A232AC70090426F /* Debug */,
				802401001A232AC70090426F /* Release */,
			);
			defaultConfigurationIsVisible = 0;
			defaultConfigurationName = Release;
		};
/* End XCConfigurationList section */
	};
	rootObject = 802400D41A232AC70090426F /* Project object */;
}
